
Microsoft Visual Studio Solution File, Format Version 12.00
# Visual Studio Version 17
VisualStudioVersion = 17.3.32804.467
MinimumVisualStudioVersion = 10.0.40219.1
Project("{FAE04EC0-301F-11D3-BF4B-00C04F79EFBC}") = "Begin", "Begin.csproj", "{75FC38D6-0A47-4760-B790-C99D82B80F3B}"
EndProject
Global
	GlobalSection(SolutionConfigurationPlatforms) = preSolution
		Debug|Any CPU = Debug|Any CPU
		Release|Any CPU = Release|Any CPU
	EndGlobalSection
	GlobalSection(ProjectConfigurationPlatforms) = postSolution
		{75FC38D6-0A47-4760-B790-C99D82B80F3B}.Debug|Any CPU.ActiveCfg = Debug|Any CPU
		{75FC38D6-0A47-4760-B790-C99D82B80F3B}.Debug|Any CPU.Build.0 = Debug|Any CPU
		{75FC38D6-0A47-4760-B790-C99D82B80F3B}.Release|Any CPU.ActiveCfg = Release|Any CPU
		{75FC38D6-0A47-4760-B790-C99D82B80F3B}.Release|Any CPU.Build.0 = Release|Any CPU
	EndGlobalSection
	GlobalSection(SolutionProperties) = preSolution
		HideSolutionNode = FALSE
	EndGlobalSection
	GlobalSection(ExtensibilityGlobals) = postSolution
		SolutionGuid = {4DC91DD8-385E-4384-89E6-60C64A55DF34}
	EndGlobalSection
EndGlobal
